GEM
  remote: https://rubygems.org/
  specs:
    dotenv (3.2.0)
    faraday (2.14.1)
      faraday-net_http (>= 2.0, < 3.5)
      json
      logger
    faraday-net_http (3.4.2)
      net-http (~> 0.5)
    json (2.19.3)
    logger (1.7.0)
    net-http (0.9.1)
      uri (>= 0.11.1)
    pastel (0.8.0)
      tty-color (~> 0.5)
    strings (0.2.1)
      strings-ansi (~> 0.2)
      unicode-display_width (>= 1.5, < 3.0)
      unicode_utils (~> 1.4)
    strings-ansi (0.2.0)
    thor (1.5.0)
    tty-color (0.6.0)
    tty-cursor (0.7.1)
    tty-screen (0.8.2)
    tty-spinner (0.9.3)
      tty-cursor (~> 0.7)
    tty-table (0.12.0)
      pastel (~> 0.8)
      strings (~> 0.2.0)
      tty-screen (~> 0.8)
    unicode-display_width (2.6.0)
    unicode_utils (1.4.0)
    uri (1.1.1)

PLATFORMS
  arm64-darwin-24
  ruby

DEPENDENCIES
  dotenv (~> 3.2)
  faraday (~> 2.14)
  pastel (~> 0.8.0)
  thor (~> 1.5)
  tty-spinner (~> 0.9.3)
  tty-table (~> 0.12.0)

BUNDLED WITH
   2.6.9
